{
  "lockfileVersion": 1,
  "configVersion": 1,
  "workspaces": {
    "": {
      "name": "career-agent",
      "dependencies": {
        "better-auth": "^1.6.22",
        "hono": "^4.12.27",
      },
      "devDependencies": {
        "@biomejs/biome": "^2.5.1",
        "@types/bun": "latest",
      },
      "peerDependencies": {
        "typescript": "^5",
      },
    },
  },
  "packages": {
    "@better-auth/core": ["@better-auth/core@1.6.22", "", { "dependencies": { "@opentelemetry/semantic-conventions": "^1.39.0", "@standard-schema/spec": "^1.1.0", "zod": "^4.3.6" }, "peerDependencies": { "@better-auth/utils": "0.4.2", "@better-fetch/fetch": "1.3.1", "@cloudflare/workers-types": ">=4", "@opentelemetry/api": "^1.9.0", "better-call": "1.3.7", "jose": "^6.1.0", "kysely": "^0.28.5 || ^0.29.0", "nanostores": "^1.0.1" }, "optionalPeers": ["@cloudflare/workers-types", "@opentelemetry/api"] }, "sha512-aFH/5nzmR501jAJPKjJfiVg4BrkcjVCqq9WS9JnhTruE/2PIWopv1QGMiRIRqxXaPbHczri7cqRdhep3Lg5PMw=="],

    "@better-auth/drizzle-adapter": ["@better-auth/drizzle-adapter@1.6.22", "", { "peerDependencies": { "@better-auth/core": "^1.6.22", "@better-auth/utils": "0.4.2", "drizzle-orm": "^0.45.2" }, "optionalPeers": ["drizzle-orm"] }, "sha512-uNa9qH53CfxBmuKP8kbLWxY90oIRwUPn5BcHhO+szK05e2yh6EYwSNNivDSqV3YG5HPfjtPHulklInjq1wtm3w=="],

    "@better-auth/kysely-adapter": ["@better-auth/kysely-adapter@1.6.22", "", { "peerDependencies": { "@better-auth/core": "^1.6.22", "@better-auth/utils": "0.4.2", "kysely": "^0.28.17 || ^0.29.0" }, "optionalPeers": ["kysely"] }, "sha512-4k/07lPRizlQi+B+uOE5CwTfH3w+Lq8ZDX1nDN1+e+glRVKAIfHoLvC9cfAVcCbio3DDrl0RTbwjLwjEhG0LxA=="],

    "@better-auth/memory-adapter": ["@better-auth/memory-adapter@1.6.22", "", { "peerDependencies": { "@better-auth/core": "^1.6.22", "@better-auth/utils": "0.4.2" } }, "sha512-rbepe/gHhWs0aF4fAu6+l+wNPJxT9XN4U+Hqa1Y/5HhjtT9y5evo3INrSWlkIOymsMaQ0cBPrSL5pm9Z195hcA=="],

    "@better-auth/mongo-adapter": ["@better-auth/mongo-adapter@1.6.22", "", { "peerDependencies": { "@better-auth/core": "^1.6.22", "@better-auth/utils": "0.4.2", "mongodb": "^6.0.0 || ^7.0.0" }, "optionalPeers": ["mongodb"] }, "sha512-OYnfySHlVkIx7y6XNBsCHjKhl6IYGprRkFwifc/TAuPBVjoRKhLKRAXuzMdWTQYFt4FYb6holbhjNUrXxPIWcw=="],

    "@better-auth/prisma-adapter": ["@better-auth/prisma-adapter@1.6.22", "", { "peerDependencies": { "@better-auth/core": "^1.6.22", "@better-auth/utils": "0.4.2", "@prisma/client": "^5.0.0 || ^6.0.0 || ^7.0.0", "prisma": "^5.0.0 || ^6.0.0 || ^7.0.0" }, "optionalPeers": ["@prisma/client", "prisma"] }, "sha512-I6lWQwLva732V600u5dLM2kRcQ94pRZOVVfZ87+Ow9RBxMUnV+I+YQ5h2yggdN2tmsmITacZTy1DSZbDxGu0LQ=="],

    "@better-auth/telemetry": ["@better-auth/telemetry@1.6.22", "", { "peerDependencies": { "@better-auth/core": "^1.6.22", "@better-auth/utils": "0.4.2", "@better-fetch/fetch": "1.3.1" } }, "sha512-glq/oEk9qP+zGh9k/WUH5+pwvBCMolNNhaAVBCtYQrkADFee2gP3VoPs1YeO9coNuOmBhc+AYSIHs+fL9DoJnw=="],

    "@better-auth/utils": ["@better-auth/utils@0.4.2", "", { "dependencies": { "@noble/hashes": "^2.0.1" } }, "sha512-AUxrvu+HaaODsUyzDxFgwd/8RZ1yZaYo42LXKSrU2oGgR38pS1ij8nqQKNgtTWoYGpNevNXtCfgTy6loHveW9A=="],

    "@better-fetch/fetch": ["@better-fetch/fetch@1.3.1", "", {}, "sha512-ABkD1WhyfPZprKRQI3bhATjeiFuNWC9PXhfGWqL+sg/gKrM977oFrYkdb4msM3hgUGonr7KlOsOFT5TU2rht9g=="],

    "@biomejs/biome": ["@biomejs/biome@2.5.1", "", { "optionalDependencies": { "@biomejs/cli-darwin-arm64": "2.5.1", "@biomejs/cli-darwin-x64": "2.5.1", "@biomejs/cli-linux-arm64": "2.5.1", "@biomejs/cli-linux-arm64-musl": "2.5.1", "@biomejs/cli-linux-x64": "2.5.1", "@biomejs/cli-linux-x64-musl": "2.5.1", "@biomejs/cli-win32-arm64": "2.5.1", "@biomejs/cli-win32-x64": "2.5.1" }, "bin": { "biome": "bin/biome" } }, "sha512-IXWLCxKmae+rI7LOHS1B3EbVisQ6GRAWbhN9msa6KjNCyFWrvKZWR4oUdinaNssrV852OrSHuSPa95h1GPJc7Q=="],

    "@biomejs/cli-darwin-arm64": ["@biomejs/cli-darwin-arm64@2.5.1", "", { "os": "darwin", "cpu": "arm64" }, "sha512-npqDzvqv7vFaWRiNN1Te71siRgPaqS9MpqgYCdP/CrUbkJ7ApezaeaKjueKHRN/JH/6lRjJQAHi8acQDCAz22w=="],

    "@biomejs/cli-darwin-x64": ["@biomejs/cli-darwin-x64@2.5.1", "", { "os": "darwin", "cpu": "x64" }, "sha512-RgwTqPAM8g2tn1j+b5oRjF/DbSBX8a4gwojtuG9XuhfK7GgomvZ9+T+tqjXiVbjLEeGJOoL6VEk8mvRTVeSybw=="],

    "@biomejs/cli-linux-arm64": ["@biomejs/cli-linux-arm64@2.5.1", "", { "os": "linux", "cpu": "arm64" }, "sha512-yhV35CzZh38VyMvTEXi3JTjxZBs++oCKK9KG8vB6VI5+uvQvZNR3BFWEKKzuOmx9DJJj7sQpZ4LQJcmbGTs3+Q=="],

    "@biomejs/cli-linux-arm64-musl": ["@biomejs/cli-linux-arm64-musl@2.5.1", "", { "os": "linux", "cpu": "arm64" }, "sha512-WMcvMLgByyTqVxGlq918NBBYliq9FRR9GAQVETHb+VjGVqXCZFfHlZHC1FX4ibuYY/Hg6TJE3rHU0xVrdJXNRw=="],

    "@biomejs/cli-linux-x64": ["@biomejs/cli-linux-x64@2.5.1", "", { "os": "linux", "cpu": "x64" }, "sha512-J/7uHSX7NfoYDI7HijAkd8lnQIOrRb2W7j3X+tw4R+N5ExvXGsyXFiGdQcfcxfOmNQmZVSQOCDk757fwpzqQcg=="],

    "@biomejs/cli-linux-x64-musl": ["@biomejs/cli-linux-x64-musl@2.5.1", "", { "os": "linux", "cpu": "x64" }, "sha512-ANTowtlLmPYm5yeMckWY8Xzb9Ix+JJP3tgHR/n6xRj1VWyIzzWtfRfih9hv9VmClwadpBvZduISZIbBsIlYG3A=="],

    "@biomejs/cli-win32-arm64": ["@biomejs/cli-win32-arm64@2.5.1", "", { "os": "win32", "cpu": "arm64" }, "sha512-zgXnKNgWPC4iPF7Y1lR3STUeCUuZRpD6IiOrC7TZTlh0Lx6FiVUT05myuMQHQ9D+1cc7uyMldi4forE6lp0ivQ=="],

    "@biomejs/cli-win32-x64": ["@biomejs/cli-win32-x64@2.5.1", "", { "os": "win32", "cpu": "x64" }, "sha512-6uxpR9hvaglANkZemeSiN/FhYgkGasrEGn267eXIWvjrjJ2LhDlk251IhjVJq6MXzkV2/bcXwLwSroLyPtqRZg=="],

    "@noble/ciphers": ["@noble/ciphers@2.2.0", "", {}, "sha512-Z6pjIZ/8IJcCGzb2S/0Px5J81yij85xASuk1teLNeg75bfT07MV3a/O2Mtn1I2se43k3lkVEcFaR10N4cgQcZA=="],

    "@noble/hashes": ["@noble/hashes@2.2.0", "", {}, "sha512-IYqDGiTXab6FniAgnSdZwgWbomxpy9FtYvLKs7wCUs2a8RkITG+DFGO1DM9cr+E3/RgADRpFjrKVaJ1z6sjtEg=="],

    "@opentelemetry/semantic-conventions": ["@opentelemetry/semantic-conventions@1.41.1", "", {}, "sha512-/UhIkaZgPutTFmQ7RnIJGgDXZmtEJ7Dvi86xNTFWcnRxVRNk/aotsqDJYeEvDP+FSMB2SdW+pQzNMcWP0rwuNA=="],

    "@standard-schema/spec": ["@standard-schema/spec@1.1.0", "", {}, "sha512-l2aFy5jALhniG5HgqrD6jXLi/rUWrKvqN/qJx6yoJsgKhblVd+iqqU4RCXavm/jPityDo5TCvKMnpjKnOriy0w=="],

    "@types/bun": ["@types/bun@1.3.14", "", { "dependencies": { "bun-types": "1.3.14" } }, "sha512-h1hFqFVcvAvD9j9K7ZW7vd82aSA+rTdznZa+5bwvCwqSB1jmmfLcbIWhOLx1/+boy/xmjgCs/OMUL8hRJSmnPw=="],

    "@types/node": ["@types/node@26.0.1", "", { "dependencies": { "undici-types": "~8.3.0" } }, "sha512-fc3KiUoBt6kie0N9bIW3E47vZsuaMf0PM2AaUpLCLT0s/LvX1nxAim6Fc049cNxODPpGm6qRAuUOB86SkRuPQw=="],

    "better-auth": ["better-auth@1.6.22", "", { "dependencies": { "@better-auth/core": "1.6.22", "@better-auth/drizzle-adapter": "1.6.22", "@better-auth/kysely-adapter": "1.6.22", "@better-auth/memory-adapter": "1.6.22", "@better-auth/mongo-adapter": "1.6.22", "@better-auth/prisma-adapter": "1.6.22", "@better-auth/telemetry": "1.6.22", "@better-auth/utils": "0.4.2", "@better-fetch/fetch": "1.3.1", "@noble/ciphers": "^2.1.1", "@noble/hashes": "^2.0.1", "better-call": "1.3.7", "defu": "^6.1.4", "jose": "^6.1.3", "kysely": "^0.28.17 || ^0.29.0", "nanostores": "^1.1.1", "zod": "^4.3.6" }, "peerDependencies": { "@lynx-js/react": "*", "@prisma/client": "^5.0.0 || ^6.0.0 || ^7.0.0", "@sveltejs/kit": "^2.0.0", "@tanstack/react-start": "^1.0.0", "@tanstack/solid-start": "^1.0.0", "better-sqlite3": "^12.0.0", "drizzle-kit": ">=0.31.4", "drizzle-orm": "^0.45.2", "mongodb": "^6.0.0 || ^7.0.0", "mysql2": "^3.0.0", "next": "^14.0.0 || ^15.0.0 || ^16.0.0", "pg": "^8.0.0", "prisma": "^5.0.0 || ^6.0.0 || ^7.0.0", "react": "^18.0.0 || ^19.0.0", "react-dom": "^18.0.0 || ^19.0.0", "solid-js": "^1.0.0", "svelte": "^4.0.0 || ^5.0.0", "vitest": "^2.0.0 || ^3.0.0 || ^4.0.0", "vue": "^3.0.0" }, "optionalPeers": ["@lynx-js/react", "@prisma/client", "@sveltejs/kit", "@tanstack/react-start", "@tanstack/solid-start", "better-sqlite3", "drizzle-kit", "drizzle-orm", "mongodb", "mysql2", "next", "pg", "prisma", "react", "react-dom", "solid-js", "svelte", "vitest", "vue"] }, "sha512-B5s6+lPsDWp8rGLRnvNyr5h9tftG9zLRjNrlkEJdYRhcuhPhJiw9b8o6ibgxEFpSAdUqoDaP5/FLqfu8QsXIVg=="],

    "better-call": ["better-call@1.3.7", "", { "dependencies": { "@better-auth/utils": "^0.4.0", "@better-fetch/fetch": "^1.1.21", "rou3": "^0.7.12", "set-cookie-parser": "^3.0.1" }, "peerDependencies": { "zod": "^4.0.0" }, "optionalPeers": ["zod"] }, "sha512-Al51/hjp2SSp6CRTa3F2ptcx4yQVS1xWKoY6jcVXqNYOap6mHFP2jUBn5EwIL4iIed1/Sq4hlQ+Umm6EflZG+w=="],

    "bun-types": ["bun-types@1.3.14", "", { "dependencies": { "@types/node": "*" } }, "sha512-4N0ig0fEomHt5R0KCFWjovxow98rIoRwKolrYdCcknNwMekCXRnWEUvgu5soYV8QXtVsrUD8B95MBOZGPvr6KQ=="],

    "defu": ["defu@6.1.7", "", {}, "sha512-7z22QmUWiQ/2d0KkdYmANbRUVABpZ9SNYyH5vx6PZ+nE5bcC0l7uFvEfHlyld/HcGBFTL536ClDt3DEcSlEJAQ=="],

    "hono": ["hono@4.12.27", "", {}, "sha512-1yrb/+w6HWQJrUCLkJ2IF5jNIPvvFkblV5RNOYl6bV+OA6p9GLcMpHFFGTosSvHvcAUibuUukRqhlYI4z32C7Q=="],

    "jose": ["jose@6.2.3", "", {}, "sha512-YYVDInQKFJfR/xa3ojUTl8c2KoTwiL1R5Wg9YCydwH0x0B9grbzlg5HC7mMjCtUJjbQ/YnGEZIhI5tCgfTb4Hw=="],

    "kysely": ["kysely@0.29.2", "", {}, "sha512-s6WVJyEZrbm6jhBpiKHsGHyePMrVQKJ85wZCFCr9W4QHv6WTjWIrdvTmO9hDEA3bNK0xkrE2DqrHsXMLWuZpQg=="],

    "nanostores": ["nanostores@1.3.0", "", {}, "sha512-XPUa/jz+P1oJvN9VBxw4L9MtdFfaH3DAryqPssqhb2kXjmb9npz0dly6rCsgFWOPr4Yg9mTfM3MDZgZZ+7A3lA=="],

    "rou3": ["rou3@0.7.12", "", {}, "sha512-iFE4hLDuloSWcD7mjdCDhx2bKcIsYbtOTpfH5MHHLSKMOUyjqQXTeZVa289uuwEGEKFoE/BAPbhaU4B774nceg=="],

    "set-cookie-parser": ["set-cookie-parser@3.1.1", "", {}, "sha512-vM9SUhjsUYs6UeJUmygc5Ofm5eQGe85riob5ju6XCgFGJI5PLV4nrDAQpQjd+LkFBpAkADn5BQQpZ9EUNkyLuA=="],

    "typescript": ["typescript@5.9.3", "", { "bin": { "tsc": "bin/tsc", "tsserver": "bin/tsserver" } }, "sha512-jl1vZzPDinLr9eUt3J/t7V6FgNEw9QjvBPdysz9KfQDD41fQrC2Y4vKQdiaUpFT4bXlb1RHhLpp8wtm6M5TgSw=="],

    "undici-types": ["undici-types@8.3.0", "", {}, "sha512-j375ScV60dom+YkPFIfTLcOiPxkN/buHz5GobjLhixFuANaNs3C9l4GmrWqejgXWJ7BbJcFYpTEUkS1Ge8bpZQ=="],

    "zod": ["zod@4.4.3", "", {}, "sha512-ytENFjIJFl2UwYglde2jchW2Hwm4GJFLDiSXWdTrJQBIN9Fcyp7n4DhxJEiWNAJMV1/BqWfW/kkg71UDcHJyTQ=="],
  }
}
